// !$*UTF8*$!
{
	archiveVersion = 1;
	classes = {
	};
	objectVersion = 50;
	objects = {

/* Begin PBXBuildFile section */
		798DAA03248854C400E2570B /* AppDelegate.swift in Sources */ = {isa = PBXBuildFile; fileRef = 798DAA02248854C400E2570B /* AppDelegate.swift */; };
		798DAA05248854C400E2570B /* SceneDelegate.swift in Sources */ = {isa = PBXBuildFile; fileRef = 798DAA04248854C400E2570B /* SceneDelegate.swift */; };
		798DAA07248854C400E2570B /* ViewController.swift in Sources */ = {isa = PBXBuildFile; fileRef = 798DAA06248854C400E2570B /* ViewController.swift */; };
		798DAA0A248854C400E2570B /* Main.storyboard in Resources */ = {isa = PBXBuildFile; fileRef = 798DAA08248854C400E2570B /* Main.storyboard */; };
		798DAA0C248854C600E2570B /* Assets.xcassets in Resources */ = {isa = PBXBuildFile; fileRef = 798DAA0B248854C600E2570B /* Assets.xcassets */; };
		798DAA0F248854C600E2570B /* LaunchScreen.storyboard in Resources */ = {isa = PBXBuildFile; fileRef = 798DAA0D248854C600E2570B /* LaunchScreen.storyboard */; };
		798DAA1B2488568700E2570B /* Spoons.swift in Sources */ = {isa = PBXBuildFile; fileRef = 798DAA1A2488568700E2570B /* Spoons.swift */; };
		798DAA1D2488569100E2570B /* Developer.swift in Sources */ = {isa = PBXBuildFile; fileRef = 798DAA1C2488569100E2570B /* Developer.swift */; };
/* End PBXBuildFile section */

/* Begin PBXFileReference section */
		798DA9FF248854C400E2570B /* HungryDevelopers.app */ = {isa = PBXFileReference; explicitFileType = wrapper.application; includeInIndex = 0; path = HungryDevelopers.app; sourceTree = BUILT_PRODUCTS_DIR; };
		798DAA02248854C400E2570B /* AppDelegate.swift */ = {isa = PBXFileReference; lastKnownFileType = sourcecode.swift; path = AppDelegate.swift; sourceTree = "<group>"; };
		798DAA04248854C400E2570B /* SceneDelegate.swift */ = {isa = PBXFileReference; lastKnownFileType = sourcecode.swift; path = SceneDelegate.swift; sourceTree = "<group>"; };
		798DAA06248854C400E2570B /* ViewController.swift */ = {isa = PBXFileReference; lastKnownFileType = sourcecode.swift; path = ViewController.swift; sourceTree = "<group>"; };
		798DAA09248854C400E2570B /* Base */ = {isa = PBXFileReference; lastKnownFileType = file.storyboard; name = Base; path = Base.lproj/Main.storyboard; sourceTree = "<group>"; };
		798DAA0B248854C600E2570B /* Assets.xcassets */ = {isa = PBXFileReference; lastKnownFileType = folder.assetcatalog; path = Assets.xcassets; sourceTree = "<group>"; };
		798DAA0E248854C600E2570B /* Base */ = {isa = PBXFileReference; lastKnownFileType = file.storyboard; name = Base; path = Base.lproj/LaunchScreen.storyboard; sourceTree = "<group>"; };
		798DAA10248854C600E2570B /* Info.plist */ = {isa = PBXFileReference; lastKnownFileType = text.plist.xml; path = Info.plist; sourceTree = "<group>"; };
		798DAA1A2488568700E2570B /* Spoons.swift */ = {isa = PBXFileReference; lastKnownFileType = sourcecode.swift; path = Spoons.swift; sourceTree = "<group>"; };
		798DAA1C2488569100E2570B /* Developer.swift */ = {isa = PBXFileReference; lastKnownFileType = sourcecode.swift; path = Developer.swift; sourceTree = "<group>"; };
/* End PBXFileReference section */

/* Begin PBXFrameworksBuildPhase section */
		798DA9FC248854C400E2570B /* Frameworks */ = {
			isa = PBXFrameworksBuildPhase;
			buildActionMask = 2147483647;
			files = (
			);
			runOnlyForDeploymentPostprocessing = 0;
		};
/* End PBXFrameworksBuildPhase section */

/* Begin PBXGroup section */
		798DA9F6248854C400E2570B = {
			isa = PBXGroup;
			children = (
				798DAA01248854C400E2570B /* HungryDevelopers */,
				798DAA00248854C400E2570B /* Products */,
			);
			sourceTree = "<group>";
		};
		798DAA00248854C400E2570B /* Products */ = {
			isa = PBXGroup;
			children = (
				798DA9FF248854C400E2570B /* HungryDevelopers.app */,
			);
			name = Products;
			sourceTree = "<group>";
		};
		798DAA01248854C400E2570B /* HungryDevelopers */ = {
			isa = PBXGroup;
			children = (
				798DAA192488567000E2570B /* Classes */,
				798DAA182488566100E2570B /* ViewControllers */,
				798DAA162488563500E2570B /* Storyboards */,
				798DAA172488565000E2570B /* Resources */,
				798DAA10248854C600E2570B /* Info.plist */,
			);
			path = HungryDevelopers;
			sourceTree = "<group>";
		};
		798DAA162488563500E2570B /* Storyboards */ = {
			isa = PBXGroup;
			children = (
				798DAA08248854C400E2570B /* Main.storyboard */,
				798DAA0D248854C600E2570B /* LaunchScreen.storyboard */,
			);
			path = Storyboards;
			sourceTree = "<group>";
		};
		798DAA172488565000E2570B /* Resources */ = {
			isa = PBXGroup;
			children = (
				798DAA02248854C400E2570B /* AppDelegate.swift */,
				798DAA04248854C400E2570B /* SceneDelegate.swift */,
				798DAA0B248854C600E2570B /* Assets.xcassets */,
			);
			path = Resources;
			sourceTree = "<group>";
		};
		798DAA182488566100E2570B /* ViewControllers */ = {
			isa = PBXGroup;
			children = (
				798DAA06248854C400E2570B /* ViewController.swift */,
			);
			path = ViewControllers;
			sourceTree = "<group>";
		};
		798DAA192488567000E2570B /* Classes */ = {
			isa = PBXGroup;
			children = (
				798DAA1A2488568700E2570B /* Spoons.swift */,
				798DAA1C2488569100E2570B /* Developer.swift */,
			);
			path = Classes;
			sourceTree = "<group>";
		};
/* End PBXGroup section */

/* Begin PBXNativeTarget section */
		798DA9FE248854C400E2570B /* HungryDevelopers */ = {
			isa = PBXNativeTarget;
			buildConfigurationList = 798DAA13248854C600E2570B /* Build configuration list for PBXNativeTarget "HungryDevelopers" */;
			buildPhases = (
				798DA9FB248854C400E2570B /* Sources */,
				798DA9FC248854C400E2570B /* Frameworks */,
				798DA9FD248854C400E2570B /* Resources */,
			);
			buildRules = (
			);
			dependencies = (
			);
			name = HungryDevelopers;
			productName = HungryDevelopers;
			productReference = 798DA9FF248854C400E2570B /* HungryDevelopers.app */;
			productType = "com.apple.product-type.application";
		};
/* End PBXNativeTarget section */

/* Begin PBXProject section */
		798DA9F7248854C400E2570B /* Project object */ = {
			isa = PBXProject;
			attributes = {
				LastSwiftUpdateCheck = 1150;
				LastUpgradeCheck = 1150;
				ORGANIZATIONNAME = "Enzo Jimenez-Soto";
				TargetAttributes = {
					798DA9FE248854C400E2570B = {
						CreatedOnToolsVersion = 11.5;
					};
				};
			};
			buildConfigurationList = 798DA9FA248854C400E2570B /* Build configuration list for PBXProject "HungryDevelopers" */;
			compatibilityVersion = "Xcode 9.3";
			developmentRegion = en;
			hasScannedForEncodings = 0;
			knownRegions = (
				en,
				Base,
			);
			mainGroup = 798DA9F6248854C400E2570B;
			productRefGroup = 798DAA00248854C400E2570B /* Products */;
			projectDirPath = "";
			projectRoot = "";
			targets = (
				798DA9FE248854C400E2570B /* HungryDevelopers */,
			);
		};
/* End PBXProject section */

/* Begin PBXResourcesBuildPhase section */
		798DA9FD248854C400E2570B /* Resources */ = {
			isa = PBXResourcesBuildPhase;
			buildActionMask = 2147483647;
			files = (
				798DAA0F248854C600E2570B /* LaunchScreen.storyboard in Resources */,
				798DAA0C248854C600E2570B /* Assets.xcassets in Resources */,
				798DAA0A248854C400E2570B /* Main.storyboard in Resources */,
			);
			runOnlyForDeploymentPostprocessing = 0;
		};
/* End PBXResourcesBuildPhase section */

/* Begin PBXSourcesBuildPhase section */
		798DA9FB248854C400E2570B /* Sources */ = {
			isa = PBXSourcesBuildPhase;
			buildActionMask = 2147483647;
			files = (
				798DAA07248854C400E2570B /* ViewController.swift in Sources */,
				798DAA1D2488569100E2570B /* Developer.swift in Sources */,
				798DAA1B2488568700E2570B /* Spoons.swift in Sources */,
				798DAA03248854C400E2570B /* AppDelegate.swift in Sources */,
				798DAA05248854C400E2570B /* SceneDelegate.swift in Sources */,
			);
			runOnlyForDeploymentPostprocessing = 0;
		};
/* End PBXSourcesBuildPhase section */

/* Begin PBXVariantGroup section */
		798DAA08248854C400E2570B /* Main.storyboard */ = {
			isa = PBXVariantGroup;
			children = (
				798DAA09248854C400E2570B /* Base */,
			);
			name = Main.storyboard;
			sourceTree = "<group>";
		};
		798DAA0D248854C600E2570B /* LaunchScreen.storyboard */ = {
			isa = PBXVariantGroup;
			children = (
				798DAA0E248854C600E2570B /* Base */,
			);
			name = LaunchScreen.storyboard;
			sourceTree = "<group>";
		};
/* End PBXVariantGroup section */

/* Begin XCBuildConfiguration section */
		798DAA11248854C600E2570B /* Debug */ = {
			isa = XCBuildConfiguration;
			buildSettings = {
				ALWAYS_SEARCH_USER_PATHS = NO;
				CLANG_ANALYZER_NONNULL = YES;
				CLANG_ANALYZER_NUMBER_OBJECT_CONVERSION = YES_AGGRESSIVE;
				CLANG_CXX_LANGUAGE_STANDARD = "gnu++14";
				CLANG_CXX_LIBRARY = "libc++";
				CLANG_ENABLE_MODULES = YES;
				CLANG_ENABLE_OBJC_ARC = YES;
				CLANG_ENABLE_OBJC_WEAK = YES;
				CLANG_WARN_BLOCK_CAPTURE_AUTORELEASING = YES;
				CLANG_WARN_BOOL_CONVERSION = YES;
				CLANG_WARN_COMMA = YES;
				CLANG_WARN_CONSTANT_CONVERSION = YES;
				CLANG_WARN_DEPRECATED_OBJC_IMPLEMENTATIONS = YES;
				CLANG_WARN_DIRECT_OBJC_ISA_USAGE = YES_ERROR;
				CLANG_WARN_DOCUMENTATION_COMMENTS = YES;
				CLANG_WARN_EMPTY_BODY = YES;
				CLANG_WARN_ENUM_CONVERSION = YES;
				CLANG_WARN_INFINITE_RECURSION = YES;
				CLANG_WARN_INT_CONVERSION = YES;
				CLANG_WARN_NON_LITERAL_NULL_CONVERSION = YES;
				CLANG_WARN_OBJC_IMPLICIT_RETAIN_SELF = YES;
				CLANG_WARN_OBJC_LITERAL_CONVERSION = YES;
				CLANG_WARN_OBJC_ROOT_CLASS = YES_ERROR;
				CLANG_WARN_RANGE_LOOP_ANALYSIS = YES;
				CLANG_WARN_STRICT_PROTOTYPES = YES;
				CLANG_WARN_SUSPICIOUS_MOVE = YES;
				CLANG_WARN_UNGUARDED_AVAILABILITY = YES_AGGRESSIVE;
				CLANG_WARN_UNREACHABLE_CODE = YES;
				CLANG_WARN__DUPLICATE_METHOD_MATCH = YES;
				COPY_PHASE_STRIP = NO;
				DEBUG_INFORMATION_FORMAT = dwarf;
				ENABLE_STRICT_OBJC_MSGSEND = YES;
				ENABLE_TESTABILITY = YES;
				GCC_C_LANGUAGE_STANDARD = gnu11;
				GCC_DYNAMIC_NO_PIC = NO;
				GCC_NO_COMMON_BLOCKS = YES;
				GCC_OPTIMIZATION_LEVEL = 0;
				GCC_PREPROCESSOR_DEFINITIONS = (
					"DEBUG=1",
					"$(inherited)",
				);
				GCC_WARN_64_TO_32_BIT_CONVERSION = YES;
				GCC_WARN_ABOUT_RETURN_TYPE = YES_ERROR;
				GCC_WARN_UNDECLARED_SELECTOR = YES;
				GCC_WARN_UNINITIALIZED_AUTOS = YES_AGGRESSIVE;
				GCC_WARN_UNUSED_FUNCTION = YES;
				GCC_WARN_UNUSED_VARIABLE = YES;
				IPHONEOS_DEPLOYMENT_TARGET = 13.5;
				MTL_ENABLE_DEBUG_INFO = INCLUDE_SOURCE;
				MTL_FAST_MATH = YES;
				ONLY_ACTIVE_ARCH = YES;
				SDKROOT = iphoneos;
				SWIFT_ACTIVE_COMPILATION_CONDITIONS = DEBUG;
				SWIFT_OPTIMIZATION_LEVEL = "-Onone";
			};
			name = Debug;
		};
		798DAA12248854C600E2570B /* Release */ = {
			isa = XCBuildConfiguration;
			buildSettings = {
				ALWAYS_SEARCH_USER_PATHS = NO;
				CLANG_ANALYZER_NONNULL = YES;
				CLANG_ANALYZER_NUMBER_OBJECT_CONVERSION = YES_AGGRESSIVE;
				CLANG_CXX_LANGUAGE_STANDARD = "gnu++14";
				CLANG_CXX_LIBRARY = "libc++";
				CLANG_ENABLE_MODULES = YES;
				CLANG_ENABLE_OBJC_ARC = YES;
				CLANG_ENABLE_OBJC_WEAK = YES;
				CLANG_WARN_BLOCK_CAPTURE_AUTORELEASING = YES;
				CLANG_WARN_BOOL_CONVERSION = YES;
				CLANG_WARN_COMMA = YES;
				CLANG_WARN_CONSTANT_CONVERSION = YES;
				CLANG_WARN_DEPRECATED_OBJC_IMPLEMENTATIONS = YES;
				CLANG_WARN_DIRECT_OBJC_ISA_USAGE = YES_ERROR;
				CLANG_WARN_DOCUMENTATION_COMMENTS = YES;
				CLANG_WARN_EMPTY_BODY = YES;
				CLANG_WARN_ENUM_CONVERSION = YES;
				CLANG_WARN_INFINITE_RECURSION = YES;
				CLANG_WARN_INT_CONVERSION = YES;
				CLANG_WARN_NON_LITERAL_NULL_CONVERSION = YES;
				CLANG_WARN_OBJC_IMPLICIT_RETAIN_SELF = YES;
				CLANG_WARN_OBJC_LITERAL_CONVERSION = YES;
				CLANG_WARN_OBJC_ROOT_CLASS = YES_ERROR;
				CLANG_WARN_RANGE_LOOP_ANALYSIS = YES;
				CLANG_WARN_STRICT_PROTOTYPES = YES;
				CLANG_WARN_SUSPICIOUS_MOVE = YES;
				CLANG_WARN_UNGUARDED_AVAILABILITY = YES_AGGRESSIVE;
				CLANG_WARN_UNREACHABLE_CODE = YES;
				CLANG_WARN__DUPLICATE_METHOD_MATCH = YES;
				COPY_PHASE_STRIP = NO;
				DEBUG_INFORMATION_FORMAT = "dwarf-with-dsym";
				ENABLE_NS_ASSERTIONS = NO;
				ENABLE_STRICT_OBJC_MSGSEND = YES;
				GCC_C_LANGUAGE_STANDARD = gnu11;
				GCC_NO_COMMON_BLOCKS = YES;
				GCC_WARN_64_TO_32_BIT_CONVERSION = YES;
				GCC_WARN_ABOUT_RETURN_TYPE = YES_ERROR;
				GCC_WARN_UNDECLARED_SELECTOR = YES;
				GCC_WARN_UNINITIALIZED_AUTOS = YES_AGGRESSIVE;
				GCC_WARN_UNUSED_FUNCTION = YES;
				GCC_WARN_UNUSED_VARIABLE = YES;
				IPHONEOS_DEPLOYMENT_TARGET = 13.5;
				MTL_ENABLE_DEBUG_INFO = NO;
				MTL_FAST_MATH = YES;
				SDKROOT = iphoneos;
				SWIFT_COMPILATION_MODE = wholemodule;
				SWIFT_OPTIMIZATION_LEVEL = "-O";
				VALIDATE_PRODUCT = YES;
			};
			name = Release;
		};
		798DAA14248854C600E2570B /* Debug */ = {
			isa = XCBuildConfiguration;
			buildSettings = {
				ASSETCATALOG_COMPILER_APPICON_NAME = AppIcon;
				CODE_SIGN_STYLE = Automatic;
				DEVELOPMENT_TEAM = 59V75HSK6N;
				INFOPLIST_FILE = HungryDevelopers/Info.plist;
				LD_RUNPATH_SEARCH_PATHS = (
					"$(inherited)",
					"@executable_path/Frameworks",
				);
				PRODUCT_BUNDLE_IDENTIFIER = com.EnzoJimenezSoto.HungryDevelopers;
				PRODUCT_NAME = "$(TARGET_NAME)";
				SWIFT_VERSION = 5.0;
				TARGETED_DEVICE_FAMILY = "1,2";
			};
			name = Debug;
		};
		798DAA15248854C600E2570B /* Release */ = {
			isa = XCBuildConfiguration;
			buildSettings = {
				ASSETCATALOG_COMPILER_APPICON_NAME = AppIcon;
				CODE_SIGN_STYLE = Automatic;
				DEVELOPMENT_TEAM = 59V75HSK6N;
				INFOPLIST_FILE = HungryDevelopers/Info.plist;
				LD_RUNPATH_SEARCH_PATHS = (
					"$(inherited)",
					"@executable_path/Frameworks",
				);
				PRODUCT_BUNDLE_IDENTIFIER = com.EnzoJimenezSoto.HungryDevelopers;
				PRODUCT_NAME = "$(TARGET_NAME)";
				SWIFT_VERSION = 5.0;
				TARGETED_DEVICE_FAMILY = "1,2";
			};
			name = Release;
		};
/* End XCBuildConfiguration section */

/* Begin XCConfigurationList section */
		798DA9FA248854C400E2570B /* Build configuration list for PBXProject "HungryDevelopers" */ = {
			isa = XCConfigurationList;
			buildConfigurations = (
				798DAA11248854C600E2570B /* Debug */,
				798DAA12248854C600E2570B /* Release */,
			);
			defaultConfigurationIsVisible = 0;
			defaultConfigurationName = Release;
		};
		798DAA13248854C600E2570B /* Build configuration list for PBXNativeTarget "HungryDevelopers" */ = {
			isa = XCConfigurationList;
			buildConfigurations = (
				798DAA14248854C600E2570B /* Debug */,
				798DAA15248854C600E2570B /* Release */,
			);
			defaultConfigurationIsVisible = 0;
			defaultConfigurationName = Release;
		};
/* End XCConfigurationList section */
	};
	rootObject = 798DA9F7248854C400E2570B /* Project object */;
}
