// !$*UTF8*$!
{
	archiveVersion = 1;
	classes = {
	};
	objectVersion = 50;
	objects = {

/* Begin PBXBuildFile section */
		7B601731246BA3640070D66F /* AppDelegate.swift in Sources */ = {isa = PBXBuildFile; fileRef = 7B601730246BA3640070D66F /* AppDelegate.swift */; };
		7B601733246BA3640070D66F /* SceneDelegate.swift in Sources */ = {isa = PBXBuildFile; fileRef = 7B601732246BA3640070D66F /* SceneDelegate.swift */; };
		7B601735246BA3640070D66F /* ViewController.swift in Sources */ = {isa = PBXBuildFile; fileRef = 7B601734246BA3640070D66F /* ViewController.swift */; };
		7B601738246BA3640070D66F /* Main.storyboard in Resources */ = {isa = PBXBuildFile; fileRef = 7B601736246BA3640070D66F /* Main.storyboard */; };
		7B60173A246BA3650070D66F /* Assets.xcassets in Resources */ = {isa = PBXBuildFile; fileRef = 7B601739246BA3650070D66F /* Assets.xcassets */; };
		7B60173D246BA3650070D66F /* LaunchScreen.storyboard in Resources */ = {isa = PBXBuildFile; fileRef = 7B60173B246BA3650070D66F /* LaunchScreen.storyboard */; };
		7B601747246BA4060070D66F /* Classes.swift in Sources */ = {isa = PBXBuildFile; fileRef = 7B601746246BA4060070D66F /* Classes.swift */; };
/* End PBXBuildFile section */

/* Begin PBXFileReference section */
		7B60172D246BA3640070D66F /* HungryDevelopers.app */ = {isa = PBXFileReference; explicitFileType = wrapper.application; includeInIndex = 0; path = HungryDevelopers.app; sourceTree = BUILT_PRODUCTS_DIR; };
		7B601730246BA3640070D66F /* AppDelegate.swift */ = {isa = PBXFileReference; lastKnownFileType = sourcecode.swift; path = AppDelegate.swift; sourceTree = "<group>"; };
		7B601732246BA3640070D66F /* SceneDelegate.swift */ = {isa = PBXFileReference; lastKnownFileType = sourcecode.swift; path = SceneDelegate.swift; sourceTree = "<group>"; };
		7B601734246BA3640070D66F /* ViewController.swift */ = {isa = PBXFileReference; lastKnownFileType = sourcecode.swift; path = ViewController.swift; sourceTree = "<group>"; };
		7B601737246BA3640070D66F /* Base */ = {isa = PBXFileReference; lastKnownFileType = file.storyboard; name = Base; path = Base.lproj/Main.storyboard; sourceTree = "<group>"; };
		7B601739246BA3650070D66F /* Assets.xcassets */ = {isa = PBXFileReference; lastKnownFileType = folder.assetcatalog; path = Assets.xcassets; sourceTree = "<group>"; };
		7B60173C246BA3650070D66F /* Base */ = {isa = PBXFileReference; lastKnownFileType = file.storyboard; name = Base; path = Base.lproj/LaunchScreen.storyboard; sourceTree = "<group>"; };
		7B60173E246BA3650070D66F /* Info.plist */ = {isa = PBXFileReference; lastKnownFileType = text.plist.xml; path = Info.plist; sourceTree = "<group>"; };
		7B601746246BA4060070D66F /* Classes.swift */ = {isa = PBXFileReference; lastKnownFileType = sourcecode.swift; path = Classes.swift; sourceTree = "<group>"; };
/* End PBXFileReference section */

/* Begin PBXFrameworksBuildPhase section */
		7B60172A246BA3640070D66F /* Frameworks */ = {
			isa = PBXFrameworksBuildPhase;
			buildActionMask = 2147483647;
			files = (
			);
			runOnlyForDeploymentPostprocessing = 0;
		};
/* End PBXFrameworksBuildPhase section */

/* Begin PBXGroup section */
		7B601724246BA3640070D66F = {
			isa = PBXGroup;
			children = (
				7B60172F246BA3640070D66F /* HungryDevelopers */,
			);
			sourceTree = "<group>";
		};
		7B60172E246BA3640070D66F /* Products */ = {
			isa = PBXGroup;
			children = (
				7B60172D246BA3640070D66F /* HungryDevelopers.app */,
			);
			name = Products;
			path = ..;
			sourceTree = "<group>";
		};
		7B60172F246BA3640070D66F /* HungryDevelopers */ = {
			isa = PBXGroup;
			children = (
				7B60172E246BA3640070D66F /* Products */,
				7B601744246BA3D80070D66F /* Resources */,
				7B601745246BA3F80070D66F /* Models */,
				7B601734246BA3640070D66F /* ViewController.swift */,
				7B601736246BA3640070D66F /* Main.storyboard */,
				7B60173E246BA3650070D66F /* Info.plist */,
			);
			path = HungryDevelopers;
			sourceTree = "<group>";
		};
		7B601744246BA3D80070D66F /* Resources */ = {
			isa = PBXGroup;
			children = (
				7B601730246BA3640070D66F /* AppDelegate.swift */,
				7B601732246BA3640070D66F /* SceneDelegate.swift */,
				7B601739246BA3650070D66F /* Assets.xcassets */,
				7B60173B246BA3650070D66F /* LaunchScreen.storyboard */,
			);
			path = Resources;
			sourceTree = "<group>";
		};
		7B601745246BA3F80070D66F /* Models */ = {
			isa = PBXGroup;
			children = (
				7B601746246BA4060070D66F /* Classes.swift */,
			);
			path = Models;
			sourceTree = "<group>";
		};
/* End PBXGroup section */

/* Begin PBXNativeTarget section */
		7B60172C246BA3640070D66F /* HungryDevelopers */ = {
			isa = PBXNativeTarget;
			buildConfigurationList = 7B601741246BA3650070D66F /* Build configuration list for PBXNativeTarget "HungryDevelopers" */;
			buildPhases = (
				7B601729246BA3640070D66F /* Sources */,
				7B60172A246BA3640070D66F /* Frameworks */,
				7B60172B246BA3640070D66F /* Resources */,
			);
			buildRules = (
			);
			dependencies = (
			);
			name = HungryDevelopers;
			productName = HungryDevelopers;
			productReference = 7B60172D246BA3640070D66F /* HungryDevelopers.app */;
			productType = "com.apple.product-type.application";
		};
/* End PBXNativeTarget section */

/* Begin PBXProject section */
		7B601725246BA3640070D66F /* Project object */ = {
			isa = PBXProject;
			attributes = {
				LastSwiftUpdateCheck = 1140;
				LastUpgradeCheck = 1140;
				ORGANIZATIONNAME = WaseemID;
				TargetAttributes = {
					7B60172C246BA3640070D66F = {
						CreatedOnToolsVersion = 11.4.1;
					};
				};
			};
			buildConfigurationList = 7B601728246BA3640070D66F /* Build configuration list for PBXProject "HungryDevelopers" */;
			compatibilityVersion = "Xcode 9.3";
			developmentRegion = en;
			hasScannedForEncodings = 0;
			knownRegions = (
				en,
				Base,
			);
			mainGroup = 7B601724246BA3640070D66F;
			productRefGroup = 7B60172E246BA3640070D66F /* Products */;
			projectDirPath = "";
			projectRoot = "";
			targets = (
				7B60172C246BA3640070D66F /* HungryDevelopers */,
			);
		};
/* End PBXProject section */

/* Begin PBXResourcesBuildPhase section */
		7B60172B246BA3640070D66F /* Resources */ = {
			isa = PBXResourcesBuildPhase;
			buildActionMask = 2147483647;
			files = (
				7B60173D246BA3650070D66F /* LaunchScreen.storyboard in Resources */,
				7B60173A246BA3650070D66F /* Assets.xcassets in Resources */,
				7B601738246BA3640070D66F /* Main.storyboard in Resources */,
			);
			runOnlyForDeploymentPostprocessing = 0;
		};
/* End PBXResourcesBuildPhase section */

/* Begin PBXSourcesBuildPhase section */
		7B601729246BA3640070D66F /* Sources */ = {
			isa = PBXSourcesBuildPhase;
			buildActionMask = 2147483647;
			files = (
				7B601735246BA3640070D66F /* ViewController.swift in Sources */,
				7B601731246BA3640070D66F /* AppDelegate.swift in Sources */,
				7B601747246BA4060070D66F /* Classes.swift in Sources */,
				7B601733246BA3640070D66F /* SceneDelegate.swift in Sources */,
			);
			runOnlyForDeploymentPostprocessing = 0;
		};
/* End PBXSourcesBuildPhase section */

/* Begin PBXVariantGroup section */
		7B601736246BA3640070D66F /* Main.storyboard */ = {
			isa = PBXVariantGroup;
			children = (
				7B601737246BA3640070D66F /* Base */,
			);
			name = Main.storyboard;
			sourceTree = "<group>";
		};
		7B60173B246BA3650070D66F /* LaunchScreen.storyboard */ = {
			isa = PBXVariantGroup;
			children = (
				7B60173C246BA3650070D66F /* Base */,
			);
			name = LaunchScreen.storyboard;
			sourceTree = "<group>";
		};
/* End PBXVariantGroup section */

/* Begin XCBuildConfiguration section */
		7B60173F246BA3650070D66F /* Debug */ = {
			isa = XCBuildConfiguration;
			buildSettings = {
				ALWAYS_SEARCH_USER_PATHS = NO;
				CLANG_ANALYZER_NONNULL = YES;
				CLANG_ANALYZER_NUMBER_OBJECT_CONVERSION = YES_AGGRESSIVE;
				CLANG_CXX_LANGUAGE_STANDARD = "gnu++14";
				CLANG_CXX_LIBRARY = "libc++";
				CLANG_ENABLE_MODULES = YES;
				CLANG_ENABLE_OBJC_ARC = YES;
				CLANG_ENABLE_OBJC_WEAK = YES;
				CLANG_WARN_BLOCK_CAPTURE_AUTORELEASING = YES;
				CLANG_WARN_BOOL_CONVERSION = YES;
				CLANG_WARN_COMMA = YES;
				CLANG_WARN_CONSTANT_CONVERSION = YES;
				CLANG_WARN_DEPRECATED_OBJC_IMPLEMENTATIONS = YES;
				CLANG_WARN_DIRECT_OBJC_ISA_USAGE = YES_ERROR;
				CLANG_WARN_DOCUMENTATION_COMMENTS = YES;
				CLANG_WARN_EMPTY_BODY = YES;
				CLANG_WARN_ENUM_CONVERSION = YES;
				CLANG_WARN_INFINITE_RECURSION = YES;
				CLANG_WARN_INT_CONVERSION = YES;
				CLANG_WARN_NON_LITERAL_NULL_CONVERSION = YES;
				CLANG_WARN_OBJC_IMPLICIT_RETAIN_SELF = YES;
				CLANG_WARN_OBJC_LITERAL_CONVERSION = YES;
				CLANG_WARN_OBJC_ROOT_CLASS = YES_ERROR;
				CLANG_WARN_RANGE_LOOP_ANALYSIS = YES;
				CLANG_WARN_STRICT_PROTOTYPES = YES;
				CLANG_WARN_SUSPICIOUS_MOVE = YES;
				CLANG_WARN_UNGUARDED_AVAILABILITY = YES_AGGRESSIVE;
				CLANG_WARN_UNREACHABLE_CODE = YES;
				CLANG_WARN__DUPLICATE_METHOD_MATCH = YES;
				COPY_PHASE_STRIP = NO;
				DEBUG_INFORMATION_FORMAT = dwarf;
				ENABLE_STRICT_OBJC_MSGSEND = YES;
				ENABLE_TESTABILITY = YES;
				GCC_C_LANGUAGE_STANDARD = gnu11;
				GCC_DYNAMIC_NO_PIC = NO;
				GCC_NO_COMMON_BLOCKS = YES;
				GCC_OPTIMIZATION_LEVEL = 0;
				GCC_PREPROCESSOR_DEFINITIONS = (
					"DEBUG=1",
					"$(inherited)",
				);
				GCC_WARN_64_TO_32_BIT_CONVERSION = YES;
				GCC_WARN_ABOUT_RETURN_TYPE = YES_ERROR;
				GCC_WARN_UNDECLARED_SELECTOR = YES;
				GCC_WARN_UNINITIALIZED_AUTOS = YES_AGGRESSIVE;
				GCC_WARN_UNUSED_FUNCTION = YES;
				GCC_WARN_UNUSED_VARIABLE = YES;
				IPHONEOS_DEPLOYMENT_TARGET = 13.4;
				MTL_ENABLE_DEBUG_INFO = INCLUDE_SOURCE;
				MTL_FAST_MATH = YES;
				ONLY_ACTIVE_ARCH = YES;
				SDKROOT = iphoneos;
				SWIFT_ACTIVE_COMPILATION_CONDITIONS = DEBUG;
				SWIFT_OPTIMIZATION_LEVEL = "-Onone";
			};
			name = Debug;
		};
		7B601740246BA3650070D66F /* Release */ = {
			isa = XCBuildConfiguration;
			buildSettings = {
				ALWAYS_SEARCH_USER_PATHS = NO;
				CLANG_ANALYZER_NONNULL = YES;
				CLANG_ANALYZER_NUMBER_OBJECT_CONVERSION = YES_AGGRESSIVE;
				CLANG_CXX_LANGUAGE_STANDARD = "gnu++14";
				CLANG_CXX_LIBRARY = "libc++";
				CLANG_ENABLE_MODULES = YES;
				CLANG_ENABLE_OBJC_ARC = YES;
				CLANG_ENABLE_OBJC_WEAK = YES;
				CLANG_WARN_BLOCK_CAPTURE_AUTORELEASING = YES;
				CLANG_WARN_BOOL_CONVERSION = YES;
				CLANG_WARN_COMMA = YES;
				CLANG_WARN_CONSTANT_CONVERSION = YES;
				CLANG_WARN_DEPRECATED_OBJC_IMPLEMENTATIONS = YES;
				CLANG_WARN_DIRECT_OBJC_ISA_USAGE = YES_ERROR;
				CLANG_WARN_DOCUMENTATION_COMMENTS = YES;
				CLANG_WARN_EMPTY_BODY = YES;
				CLANG_WARN_ENUM_CONVERSION = YES;
				CLANG_WARN_INFINITE_RECURSION = YES;
				CLANG_WARN_INT_CONVERSION = YES;
				CLANG_WARN_NON_LITERAL_NULL_CONVERSION = YES;
				CLANG_WARN_OBJC_IMPLICIT_RETAIN_SELF = YES;
				CLANG_WARN_OBJC_LITERAL_CONVERSION = YES;
				CLANG_WARN_OBJC_ROOT_CLASS = YES_ERROR;
				CLANG_WARN_RANGE_LOOP_ANALYSIS = YES;
				CLANG_WARN_STRICT_PROTOTYPES = YES;
				CLANG_WARN_SUSPICIOUS_MOVE = YES;
				CLANG_WARN_UNGUARDED_AVAILABILITY = YES_AGGRESSIVE;
				CLANG_WARN_UNREACHABLE_CODE = YES;
				CLANG_WARN__DUPLICATE_METHOD_MATCH = YES;
				COPY_PHASE_STRIP = NO;
				DEBUG_INFORMATION_FORMAT = "dwarf-with-dsym";
				ENABLE_NS_ASSERTIONS = NO;
				ENABLE_STRICT_OBJC_MSGSEND = YES;
				GCC_C_LANGUAGE_STANDARD = gnu11;
				GCC_NO_COMMON_BLOCKS = YES;
				GCC_WARN_64_TO_32_BIT_CONVERSION = YES;
				GCC_WARN_ABOUT_RETURN_TYPE = YES_ERROR;
				GCC_WARN_UNDECLARED_SELECTOR = YES;
				GCC_WARN_UNINITIALIZED_AUTOS = YES_AGGRESSIVE;
				GCC_WARN_UNUSED_FUNCTION = YES;
				GCC_WARN_UNUSED_VARIABLE = YES;
				IPHONEOS_DEPLOYMENT_TARGET = 13.4;
				MTL_ENABLE_DEBUG_INFO = NO;
				MTL_FAST_MATH = YES;
				SDKROOT = iphoneos;
				SWIFT_COMPILATION_MODE = wholemodule;
				SWIFT_OPTIMIZATION_LEVEL = "-O";
				VALIDATE_PRODUCT = YES;
			};
			name = Release;
		};
		7B601742246BA3650070D66F /* Debug */ = {
			isa = XCBuildConfiguration;
			buildSettings = {
				ASSETCATALOG_COMPILER_APPICON_NAME = AppIcon;
				CODE_SIGN_STYLE = Automatic;
				DEVELOPMENT_TEAM = DX3RFUH2S9;
				INFOPLIST_FILE = HungryDevelopers/Info.plist;
				LD_RUNPATH_SEARCH_PATHS = (
					"$(inherited)",
					"@executable_path/Frameworks",
				);
				PRODUCT_BUNDLE_IDENTIFIER = com.idelbiw.HungryDevelopers;
				PRODUCT_NAME = "$(TARGET_NAME)";
				SWIFT_VERSION = 5.0;
				TARGETED_DEVICE_FAMILY = "1,2";
			};
			name = Debug;
		};
		7B601743246BA3650070D66F /* Release */ = {
			isa = XCBuildConfiguration;
			buildSettings = {
				ASSETCATALOG_COMPILER_APPICON_NAME = AppIcon;
				CODE_SIGN_STYLE = Automatic;
				DEVELOPMENT_TEAM = DX3RFUH2S9;
				INFOPLIST_FILE = HungryDevelopers/Info.plist;
				LD_RUNPATH_SEARCH_PATHS = (
					"$(inherited)",
					"@executable_path/Frameworks",
				);
				PRODUCT_BUNDLE_IDENTIFIER = com.idelbiw.HungryDevelopers;
				PRODUCT_NAME = "$(TARGET_NAME)";
				SWIFT_VERSION = 5.0;
				TARGETED_DEVICE_FAMILY = "1,2";
			};
			name = Release;
		};
/* End XCBuildConfiguration section */

/* Begin XCConfigurationList section */
		7B601728246BA3640070D66F /* Build configuration list for PBXProject "HungryDevelopers" */ = {
			isa = XCConfigurationList;
			buildConfigurations = (
				7B60173F246BA3650070D66F /* Debug */,
				7B601740246BA3650070D66F /* Release */,
			);
			defaultConfigurationIsVisible = 0;
			defaultConfigurationName = Release;
		};
		7B601741246BA3650070D66F /* Build configuration list for PBXNativeTarget "HungryDevelopers" */ = {
			isa = XCConfigurationList;
			buildConfigurations = (
				7B601742246BA3650070D66F /* Debug */,
				7B601743246BA3650070D66F /* Release */,
			);
			defaultConfigurationIsVisible = 0;
			defaultConfigurationName = Release;
		};
/* End XCConfigurationList section */
	};
	rootObject = 7B601725246BA3640070D66F /* Project object */;
}
